{
  "sources": {
    "swift-private-cloud": {
      "path": "."
    },
    "swift-lite": {
      "locked_version": "4.1.2",
      "git": "git://github.com/rcbops-cookbooks/swift-lite",
      "ref": "a8aaea553e2e9ae0b98954d85d8310c255f24edb"
    },
    "mysql-openstack": {
      "locked_version": "1.0.14",
      "git": "git://github.com/rcbops-cookbooks/mysql-openstack",
      "ref": "94f86e32e10cbbf6816b3cb6f116ce24acaa0527"
    },
    "dsh": {
      "locked_version": "0.0.17",
      "git": "git://github.com/rcbops-cookbooks/dsh",
      "ref": "9e190aaad7db3f2195df1a9e48c7678b89a3c1cf"
    },
    "osops-utils": {
      "locked_version": "1.0.16",
      "git": "git://github.com/rcbops-cookbooks/osops-utils",
      "ref": "b1b01177953ad57c1711ef37457de9f2def75813"
    },
    "sysctl": {
      "locked_version": "0.1.15",
      "git": "git://github.com/rcbops-cookbooks/sysctl",
      "ref": "b80fd950c902d1a3dfdf94a97d8ce43c7b7261ed"
    },
    "memcached-openstack": {
      "locked_version": "0.1.0",
      "git": "git://github.com/rcbops-cookbooks/memcached-openstack",
      "ref": "6b6b88e37d9de32e7e9185c6ae82b1f45f55006e"
    },
    "keystone": {
      "locked_version": "1.0.20",
      "git": "git://github.com/rcbops-cookbooks/keystone",
      "ref": "f82253de6b104ab76be53bc85bae773d4fe1fc00"
    },
    "keepalived": {
      "locked_version": "1.0.5",
      "git": "git://github.com/rcbops-cookbooks/keepalived",
      "ref": "c52fd99feab4d24b39dfc7f8e8740fe04076c91d"
    },
    "memcached": {
      "locked_version": "1.4.0"
    },
    "chef-server": {
      "locked_version": "2.0.0"
    },
    "chef-client": {
      "locked_version": "3.0.4"
    },
    "iptables": {
      "locked_version": "0.12.0"
    },
    "runit": {
      "locked_version": "1.2.0"
    },
    "build-essential": {
      "locked_version": "1.4.2"
    },
    "yum": {
      "locked_version": "2.3.2"
    },
    "git": {
      "locked_version": "2.6.0"
    },
    "dmg": {
      "locked_version": "2.0.0"
    },
    "windows": {
      "locked_version": "1.10.0"
    },
    "chef_handler": {
      "locked_version": "1.1.4"
    },
    "cron": {
      "locked_version": "1.2.6"
    },
    "openssl": {
      "locked_version": "1.1.0"
    },
    "ntp": {
      "locked_version": "1.4.0"
    },
    "database": {
      "locked_version": "1.4.0"
    },
    "mysql": {
      "locked_version": "3.0.4"
    },
    "postgresql": {
      "locked_version": "3.0.4"
    },
    "apt": {
      "locked_version": "2.1.1"
    },
    "aws": {
      "locked_version": "0.101.4"
    },
    "xfs": {
      "locked_version": "1.1.0"
    },
    "apache2": {
      "locked_version": "1.7.0"
    }
  }
}
