{
  "sources": {
    "swift-private-cloud": {
      "path": "."
    },
    "swift-lite": {
      "locked_version": "4.2.1",
      "git": "git://github.com/rcbops-cookbooks/swift-lite",
      "ref": "46425b06f8e9c63730c014471ff44abeeddfc60f"
    },
    "mysql-openstack": {
      "locked_version": "4.2.1",
      "git": "git://github.com/rcbops-cookbooks/mysql-openstack",
      "ref": "267dd94b1497661017452ad5c3a1fb386e3c3dce"
    },
    "dsh": {
      "locked_version": "4.2.1",
      "git": "git://github.com/rcbops-cookbooks/dsh",
      "ref": "d10b351ea5102c5a0a48bf803a0b95f97f8176b2"
    },
    "osops-utils": {
      "locked_version": "4.2.1",
      "git": "git://github.com/rcbops-cookbooks/osops-utils",
      "ref": "dc9f02f7ea02ac025f7b799aee988b45c62cc5c7"
    },
    "sysctl": {
      "locked_version": "4.2.1",
      "git": "git://github.com/rcbops-cookbooks/sysctl",
      "ref": "8e2b5dfb216d590d8ad1667124d85df432b8e1c4"
    },
    "memcached-openstack": {
      "locked_version": "4.2.1",
      "git": "git://github.com/rcbops-cookbooks/memcached-openstack",
      "ref": "2d2f525eac83144d0a7cb38a77a3f075f48b02c2"
    },
    "keystone": {
      "locked_version": "4.2.1",
      "git": "git://github.com/rcbops-cookbooks/keystone",
      "ref": "efa4b74aad9facdf548e8023ce50b3afaa7d4288"
    },
    "keepalived": {
      "locked_version": "4.2.1",
      "git": "git://github.com/rcbops-cookbooks/keepalived",
      "ref": "10d05ac64c7c43d114328d70bfa9492c0468a933"
    },
    "apache2": {
      "locked_version": "1.8.5",
      "git": "git://github.com/opscode-cookbooks/apache2",
      "ref": "ec9b063554d5d464567c8cd4f03766a3dfcfde12"
    },
    "apt": {
      "locked_version": "2.3.1",
      "git": "git://github.com/opscode-cookbooks/apt",
      "ref": "27a63b72ada97ff716901ee7d6a86315767672e0"
    },
    "aws": {
      "locked_version": "1.0.1",
      "git": "git://github.com/opscode-cookbooks/aws",
      "ref": "f84de5cccb922f056b0c99a5e3b35328646d95b5"
    },
    "build-essential": {
      "locked_version": "1.4.2",
      "git": "git://github.com/opscode-cookbooks/build-essential",
      "ref": "7f4d351036f10e7b641e1df137390491d6111669"
    },
    "database": {
      "locked_version": "1.5.3",
      "git": "git://github.com/opscode-cookbooks/database",
      "ref": "0137ce6fabe5084fac69bc7aa1600b624c7e7e3f"
    },
    "memcached": {
      "locked_version": "1.6.3",
      "git": "git://github.com/opscode-cookbooks/memcached",
      "ref": "c47c035051fc1f3ecf97ad89a30986fde45e2165"
    },
    "mysql": {
      "locked_version": "4.0.5",
      "git": "git://github.com/opscode-cookbooks/mysql",
      "ref": "a5ef5eadd3323553268f1070e9cc3d7dba23c512"
    },
    "ntp": {
      "locked_version": "1.5.2",
      "git": "git://github.com/opscode-cookbooks/ntp",
      "ref": "72ba36f411c5bed1d0f755c4b34af31d46b4060a"
    },
    "openssl": {
      "locked_version": "1.1.1",
      "git": "git://github.com/opscode-cookbooks/openssl",
      "ref": "b9a52cdac76063059ff330e8427758cdeff5ee58"
    },
    "postgresql": {
      "locked_version": "3.2.1",
      "git": "git://github.com/opscode-cookbooks/postgresql",
      "ref": "cb147ab323f43172ebcbaea0808c5f9f4a3b0402"
    },
    "runit": {
      "locked_version": "1.4.1",
      "git": "git://github.com/opscode-cookbooks/runit",
      "ref": "08542db42cda966dbdb4eb4c7e757e8a95178642"
    },
    "yum": {
      "locked_version": "2.4.3",
      "git": "git://github.com/opscode-cookbooks/yum",
      "ref": "f9e182ee68b7935e5a3de72f1abd078c0d747545"
    },
    "xfs": {
      "locked_version": "1.1.0",
      "git": "git://github.com/opscode-cookbooks/xfs",
      "ref": "18a49fc9c9a434e2a2112751a5bbdafc2dc302b3"
    },
    "chef_handler": {
      "locked_version": "1.1.4",
      "git": "git://github.com/opscode-cookbooks/chef_handler",
      "ref": "a702e254833cac60b3f1fbc3ae098850b40572d7"
    },
    "cron": {
      "locked_version": "1.2.6",
      "git": "git://github.com/opscode-cookbooks/cron",
      "ref": "7b49524d119111b70315c89bf72623c2bdb155f8"
    },
    "dmg": {
      "locked_version": "2.0.0",
      "git": "git://github.com/opscode-cookbooks/dmg",
      "ref": "91424d0929df27f0f7c1d34ceb9852afedf2c827"
    },
    "git": {
      "locked_version": "2.6.0",
      "git": "git://github.com/opscode-cookbooks/git",
      "ref": "fe29ab362669ecf70c61c4ed73e01adf7e955c8d"
    },
    "windows": {
      "locked_version": "1.10.0",
      "git": "git://github.com/opscode-cookbooks/windows",
      "ref": "84a0f4ecb1f983ab682045786734e2c3cc4b6c45"
    }
  }
}
